// !$*UTF8*$!
{
	archiveVersion = 1;
	classes = {
	};
	objectVersion = 50;
	objects = {

/* Begin PBXBuildFile section */
		D013A37825302E23001862DF /* AppDelegate.swift in Sources */ = {isa = PBXBuildFile; fileRef = D013A37725302E23001862DF /* AppDelegate.swift */; };
		D013A37A25302E23001862DF /* SceneDelegate.swift in Sources */ = {isa = PBXBuildFile; fileRef = D013A37925302E23001862DF /* SceneDelegate.swift */; };
		D013A37C25302E23001862DF /* LoginViewController.swift in Sources */ = {isa = PBXBuildFile; fileRef = D013A37B25302E23001862DF /* LoginViewController.swift */; };
		D013A37F25302E23001862DF /* Main.storyboard in Resources */ = {isa = PBXBuildFile; fileRef = D013A37D25302E23001862DF /* Main.storyboard */; };
		D013A38125302E25001862DF /* Assets.xcassets in Resources */ = {isa = PBXBuildFile; fileRef = D013A38025302E25001862DF /* Assets.xcassets */; };
		D013A38425302E25001862DF /* LaunchScreen.storyboard in Resources */ = {isa = PBXBuildFile; fileRef = D013A38225302E25001862DF /* LaunchScreen.storyboard */; };
		D013A38F25302E26001862DF /* VK_Client2Tests.swift in Sources */ = {isa = PBXBuildFile; fileRef = D013A38E25302E26001862DF /* VK_Client2Tests.swift */; };
		D013A39A25302E26001862DF /* VK_Client2UITests.swift in Sources */ = {isa = PBXBuildFile; fileRef = D013A39925302E26001862DF /* VK_Client2UITests.swift */; };
		D06534A825402A06005CB3D6 /* HeartDrawning.swift in Sources */ = {isa = PBXBuildFile; fileRef = D06534A725402A06005CB3D6 /* HeartDrawning.swift */; };
		D06534AE254065DF005CB3D6 /* AvatarView.swift in Sources */ = {isa = PBXBuildFile; fileRef = D06534AD254065DF005CB3D6 /* AvatarView.swift */; };
		D06534B325406CB5005CB3D6 /* AvatarViewController.swift in Sources */ = {isa = PBXBuildFile; fileRef = D06534B225406CB5005CB3D6 /* AvatarViewController.swift */; };
		D06534BC25417175005CB3D6 /* Like.swift in Sources */ = {isa = PBXBuildFile; fileRef = D06534BB25417175005CB3D6 /* Like.swift */; };
		D06534C42541A726005CB3D6 /* alphabet.swift in Sources */ = {isa = PBXBuildFile; fileRef = D06534C32541A726005CB3D6 /* alphabet.swift */; };
		D09316D7253D7363004B678F /* FriendsController.swift in Sources */ = {isa = PBXBuildFile; fileRef = D09316D6253D7363004B678F /* FriendsController.swift */; };
		D09316DC253D7399004B678F /* FriendsCell.swift in Sources */ = {isa = PBXBuildFile; fileRef = D09316DB253D7399004B678F /* FriendsCell.swift */; };
		D09316E4253D7948004B678F /* UserAcc.swift in Sources */ = {isa = PBXBuildFile; fileRef = D09316E3253D7948004B678F /* UserAcc.swift */; };
		D09316ED253D79DA004B678F /* FriendCollectionViewController.swift in Sources */ = {isa = PBXBuildFile; fileRef = D09316EC253D79DA004B678F /* FriendCollectionViewController.swift */; };
		D09316F8253D8504004B678F /* FriendCollectionViewCell.swift in Sources */ = {isa = PBXBuildFile; fileRef = D09316F7253D8504004B678F /* FriendCollectionViewCell.swift */; };
		D0931705253DBCC5004B678F /* UserGroups.swift in Sources */ = {isa = PBXBuildFile; fileRef = D0931704253DBCC5004B678F /* UserGroups.swift */; };
		D093170D253DBCF8004B678F /* AllGroups.swift in Sources */ = {isa = PBXBuildFile; fileRef = D093170C253DBCF8004B678F /* AllGroups.swift */; };
		D0931712253DBE5E004B678F /* Group.swift in Sources */ = {isa = PBXBuildFile; fileRef = D0931711253DBE5E004B678F /* Group.swift */; };
		D093171B253DC310004B678F /* AllGroupsCell.swift in Sources */ = {isa = PBXBuildFile; fileRef = D093171A253DC310004B678F /* AllGroupsCell.swift */; };
		D0931720253DC326004B678F /* UserGroupCell.swift in Sources */ = {isa = PBXBuildFile; fileRef = D093171F253DC326004B678F /* UserGroupCell.swift */; };
/* End PBXBuildFile section */

/* Begin PBXContainerItemProxy section */
		D013A38B25302E26001862DF /* PBXContainerItemProxy */ = {
			isa = PBXContainerItemProxy;
			containerPortal = D013A36C25302E23001862DF /* Project object */;
			proxyType = 1;
			remoteGlobalIDString = D013A37325302E23001862DF;
			remoteInfo = VK_Client2;
		};
		D013A39625302E26001862DF /* PBXContainerItemProxy */ = {
			isa = PBXContainerItemProxy;
			containerPortal = D013A36C25302E23001862DF /* Project object */;
			proxyType = 1;
			remoteGlobalIDString = D013A37325302E23001862DF;
			remoteInfo = VK_Client2;
		};
/* End PBXContainerItemProxy section */

/* Begin PBXFileReference section */
		D013A37425302E23001862DF /* VK_Client2.app */ = {isa = PBXFileReference; explicitFileType = wrapper.application; includeInIndex = 0; path = VK_Client2.app; sourceTree = BUILT_PRODUCTS_DIR; };
		D013A37725302E23001862DF /* AppDelegate.swift */ = {isa = PBXFileReference; lastKnownFileType = sourcecode.swift; path = AppDelegate.swift; sourceTree = "<group>"; };
		D013A37925302E23001862DF /* SceneDelegate.swift */ = {isa = PBXFileReference; lastKnownFileType = sourcecode.swift; path = SceneDelegate.swift; sourceTree = "<group>"; };
		D013A37B25302E23001862DF /* LoginViewController.swift */ = {isa = PBXFileReference; lastKnownFileType = sourcecode.swift; path = LoginViewController.swift; sourceTree = "<group>"; };
		D013A37E25302E23001862DF /* Base */ = {isa = PBXFileReference; lastKnownFileType = file.storyboard; name = Base; path = Base.lproj/Main.storyboard; sourceTree = "<group>"; };
		D013A38025302E25001862DF /* Assets.xcassets */ = {isa = PBXFileReference; lastKnownFileType = folder.assetcatalog; path = Assets.xcassets; sourceTree = "<group>"; };
		D013A38325302E25001862DF /* Base */ = {isa = PBXFileReference; lastKnownFileType = file.storyboard; name = Base; path = Base.lproj/LaunchScreen.storyboard; sourceTree = "<group>"; };
		D013A38525302E25001862DF /* Info.plist */ = {isa = PBXFileReference; lastKnownFileType = text.plist.xml; path = Info.plist; sourceTree = "<group>"; };
		D013A38A25302E26001862DF /* VK_Client2Tests.xctest */ = {isa = PBXFileReference; explicitFileType = wrapper.cfbundle; includeInIndex = 0; path = VK_Client2Tests.xctest; sourceTree = BUILT_PRODUCTS_DIR; };
		D013A38E25302E26001862DF /* VK_Client2Tests.swift */ = {isa = PBXFileReference; lastKnownFileType = sourcecode.swift; path = VK_Client2Tests.swift; sourceTree = "<group>"; };
		D013A39025302E26001862DF /* Info.plist */ = {isa = PBXFileReference; lastKnownFileType = text.plist.xml; path = Info.plist; sourceTree = "<group>"; };
		D013A39525302E26001862DF /* VK_Client2UITests.xctest */ = {isa = PBXFileReference; explicitFileType = wrapper.cfbundle; includeInIndex = 0; path = VK_Client2UITests.xctest; sourceTree = BUILT_PRODUCTS_DIR; };
		D013A39925302E26001862DF /* VK_Client2UITests.swift */ = {isa = PBXFileReference; lastKnownFileType = sourcecode.swift; path = VK_Client2UITests.swift; sourceTree = "<group>"; };
		D013A39B25302E26001862DF /* Info.plist */ = {isa = PBXFileReference; lastKnownFileType = text.plist.xml; path = Info.plist; sourceTree = "<group>"; };
		D06534A725402A06005CB3D6 /* HeartDrawning.swift */ = {isa = PBXFileReference; lastKnownFileType = sourcecode.swift; path = HeartDrawning.swift; sourceTree = "<group>"; };
		D06534AD254065DF005CB3D6 /* AvatarView.swift */ = {isa = PBXFileReference; lastKnownFileType = sourcecode.swift; path = AvatarView.swift; sourceTree = "<group>"; };
		D06534B225406CB5005CB3D6 /* AvatarViewController.swift */ = {isa = PBXFileReference; lastKnownFileType = sourcecode.swift; path = AvatarViewController.swift; sourceTree = "<group>"; };
		D06534BB25417175005CB3D6 /* Like.swift */ = {isa = PBXFileReference; lastKnownFileType = sourcecode.swift; path = Like.swift; sourceTree = "<group>"; };
		D06534C32541A726005CB3D6 /* alphabet.swift */ = {isa = PBXFileReference; lastKnownFileType = sourcecode.swift; path = alphabet.swift; sourceTree = "<group>"; };
		D09316D6253D7363004B678F /* FriendsController.swift */ = {isa = PBXFileReference; lastKnownFileType = sourcecode.swift; path = FriendsController.swift; sourceTree = "<group>"; };
		D09316DB253D7399004B678F /* FriendsCell.swift */ = {isa = PBXFileReference; lastKnownFileType = sourcecode.swift; path = FriendsCell.swift; sourceTree = "<group>"; };
		D09316E3253D7948004B678F /* UserAcc.swift */ = {isa = PBXFileReference; lastKnownFileType = sourcecode.swift; path = UserAcc.swift; sourceTree = "<group>"; };
		D09316EC253D79DA004B678F /* FriendCollectionViewController.swift */ = {isa = PBXFileReference; lastKnownFileType = sourcecode.swift; path = FriendCollectionViewController.swift; sourceTree = "<group>"; };
		D09316F7253D8504004B678F /* FriendCollectionViewCell.swift */ = {isa = PBXFileReference; lastKnownFileType = sourcecode.swift; path = FriendCollectionViewCell.swift; sourceTree = "<group>"; };
		D0931704253DBCC5004B678F /* UserGroups.swift */ = {isa = PBXFileReference; lastKnownFileType = sourcecode.swift; path = UserGroups.swift; sourceTree = "<group>"; };
		D093170C253DBCF8004B678F /* AllGroups.swift */ = {isa = PBXFileReference; lastKnownFileType = sourcecode.swift; path = AllGroups.swift; sourceTree = "<group>"; };
		D0931711253DBE5E004B678F /* Group.swift */ = {isa = PBXFileReference; lastKnownFileType = sourcecode.swift; path = Group.swift; sourceTree = "<group>"; };
		D093171A253DC310004B678F /* AllGroupsCell.swift */ = {isa = PBXFileReference; lastKnownFileType = sourcecode.swift; path = AllGroupsCell.swift; sourceTree = "<group>"; };
		D093171F253DC326004B678F /* UserGroupCell.swift */ = {isa = PBXFileReference; lastKnownFileType = sourcecode.swift; path = UserGroupCell.swift; sourceTree = "<group>"; };
/* End PBXFileReference section */

/* Begin PBXFrameworksBuildPhase section */
		D013A37125302E23001862DF /* Frameworks */ = {
			isa = PBXFrameworksBuildPhase;
			buildActionMask = 2147483647;
			files = (
			);
			runOnlyForDeploymentPostprocessing = 0;
		};
		D013A38725302E26001862DF /* Frameworks */ = {
			isa = PBXFrameworksBuildPhase;
			buildActionMask = 2147483647;
			files = (
			);
			runOnlyForDeploymentPostprocessing = 0;
		};
		D013A39225302E26001862DF /* Frameworks */ = {
			isa = PBXFrameworksBuildPhase;
			buildActionMask = 2147483647;
			files = (
			);
			runOnlyForDeploymentPostprocessing = 0;
		};
/* End PBXFrameworksBuildPhase section */

/* Begin PBXGroup section */
		D013A36B25302E23001862DF = {
			isa = PBXGroup;
			children = (
				D013A37625302E23001862DF /* VK_Client2 */,
				D013A38D25302E26001862DF /* VK_Client2Tests */,
				D013A39825302E26001862DF /* VK_Client2UITests */,
				D013A37525302E23001862DF /* Products */,
			);
			sourceTree = "<group>";
		};
		D013A37525302E23001862DF /* Products */ = {
			isa = PBXGroup;
			children = (
				D013A37425302E23001862DF /* VK_Client2.app */,
				D013A38A25302E26001862DF /* VK_Client2Tests.xctest */,
				D013A39525302E26001862DF /* VK_Client2UITests.xctest */,
			);
			name = Products;
			sourceTree = "<group>";
		};
		D013A37625302E23001862DF /* VK_Client2 */ = {
			isa = PBXGroup;
			children = (
				D013A3AA25302E4B001862DF /* system */,
				D07C33D025398EAA00C98E13 /* Model */,
				D09316D5253D7319004B678F /* Friends */,
				D09316EB253D798C004B678F /* Friend */,
				D09316FF253DBC19004B678F /* Groups */,
				D0CDCD8B25400FB300247F1B /* Heart button */,
				D06534AC254065A8005CB3D6 /* CustomView */,
				D06534BA25417131005CB3D6 /* CustomControls */,
				D013A37B25302E23001862DF /* LoginViewController.swift */,
				D013A37D25302E23001862DF /* Main.storyboard */,
				D013A38025302E25001862DF /* Assets.xcassets */,
				D013A38225302E25001862DF /* LaunchScreen.storyboard */,
				D013A38525302E25001862DF /* Info.plist */,
			);
			path = VK_Client2;
			sourceTree = "<group>";
		};
		D013A38D25302E26001862DF /* VK_Client2Tests */ = {
			isa = PBXGroup;
			children = (
				D013A38E25302E26001862DF /* VK_Client2Tests.swift */,
				D013A39025302E26001862DF /* Info.plist */,
			);
			path = VK_Client2Tests;
			sourceTree = "<group>";
		};
		D013A39825302E26001862DF /* VK_Client2UITests */ = {
			isa = PBXGroup;
			children = (
				D013A39925302E26001862DF /* VK_Client2UITests.swift */,
				D013A39B25302E26001862DF /* Info.plist */,
			);
			path = VK_Client2UITests;
			sourceTree = "<group>";
		};
		D013A3AA25302E4B001862DF /* system */ = {
			isa = PBXGroup;
			children = (
				D013A37725302E23001862DF /* AppDelegate.swift */,
				D013A37925302E23001862DF /* SceneDelegate.swift */,
			);
			path = system;
			sourceTree = "<group>";
		};
		D06534AC254065A8005CB3D6 /* CustomView */ = {
			isa = PBXGroup;
			children = (
				D06534AD254065DF005CB3D6 /* AvatarView.swift */,
				D06534B225406CB5005CB3D6 /* AvatarViewController.swift */,
			);
			path = CustomView;
			sourceTree = "<group>";
		};
		D06534BA25417131005CB3D6 /* CustomControls */ = {
			isa = PBXGroup;
			children = (
				D06534BB25417175005CB3D6 /* Like.swift */,
				D06534C32541A726005CB3D6 /* alphabet.swift */,
			);
			path = CustomControls;
			sourceTree = "<group>";
		};
		D07C33D025398EAA00C98E13 /* Model */ = {
			isa = PBXGroup;
			children = (
				D09316E3253D7948004B678F /* UserAcc.swift */,
				D0931711253DBE5E004B678F /* Group.swift */,
			);
			path = Model;
			sourceTree = "<group>";
		};
		D09316D5253D7319004B678F /* Friends */ = {
			isa = PBXGroup;
			children = (
				D09316D6253D7363004B678F /* FriendsController.swift */,
				D09316DB253D7399004B678F /* FriendsCell.swift */,
			);
			path = Friends;
			sourceTree = "<group>";
		};
		D09316EB253D798C004B678F /* Friend */ = {
			isa = PBXGroup;
			children = (
				D09316EC253D79DA004B678F /* FriendCollectionViewController.swift */,
				D09316F7253D8504004B678F /* FriendCollectionViewCell.swift */,
			);
			path = Friend;
			sourceTree = "<group>";
		};
		D09316FF253DBC19004B678F /* Groups */ = {
			isa = PBXGroup;
			children = (
				D0931704253DBCC5004B678F /* UserGroups.swift */,
				D093171A253DC310004B678F /* AllGroupsCell.swift */,
				D093171F253DC326004B678F /* UserGroupCell.swift */,
				D093170C253DBCF8004B678F /* AllGroups.swift */,
			);
			path = Groups;
			sourceTree = "<group>";
		};
		D0CDCD8B25400FB300247F1B /* Heart button */ = {
			isa = PBXGroup;
			children = (
				D06534A725402A06005CB3D6 /* HeartDrawning.swift */,
			);
			path = "Heart button";
			sourceTree = "<group>";
		};
/* End PBXGroup section */

/* Begin PBXNativeTarget section */
		D013A37325302E23001862DF /* VK_Client2 */ = {
			isa = PBXNativeTarget;
			buildConfigurationList = D013A39E25302E26001862DF /* Build configuration list for PBXNativeTarget "VK_Client2" */;
			buildPhases = (
				D013A37025302E23001862DF /* Sources */,
				D013A37125302E23001862DF /* Frameworks */,
				D013A37225302E23001862DF /* Resources */,
			);
			buildRules = (
			);
			dependencies = (
			);
			name = VK_Client2;
			productName = VK_Client2;
			productReference = D013A37425302E23001862DF /* VK_Client2.app */;
			productType = "com.apple.product-type.application";
		};
		D013A38925302E26001862DF /* VK_Client2Tests */ = {
			isa = PBXNativeTarget;
			buildConfigurationList = D013A3A125302E26001862DF /* Build configuration list for PBXNativeTarget "VK_Client2Tests" */;
			buildPhases = (
				D013A38625302E26001862DF /* Sources */,
				D013A38725302E26001862DF /* Frameworks */,
				D013A38825302E26001862DF /* Resources */,
			);
			buildRules = (
			);
			dependencies = (
				D013A38C25302E26001862DF /* PBXTargetDependency */,
			);
			name = VK_Client2Tests;
			productName = VK_Client2Tests;
			productReference = D013A38A25302E26001862DF /* VK_Client2Tests.xctest */;
			productType = "com.apple.product-type.bundle.unit-test";
		};
		D013A39425302E26001862DF /* VK_Client2UITests */ = {
			isa = PBXNativeTarget;
			buildConfigurationList = D013A3A425302E26001862DF /* Build configuration list for PBXNativeTarget "VK_Client2UITests" */;
			buildPhases = (
				D013A39125302E26001862DF /* Sources */,
				D013A39225302E26001862DF /* Frameworks */,
				D013A39325302E26001862DF /* Resources */,
			);
			buildRules = (
			);
			dependencies = (
				D013A39725302E26001862DF /* PBXTargetDependency */,
			);
			name = VK_Client2UITests;
			productName = VK_Client2UITests;
			productReference = D013A39525302E26001862DF /* VK_Client2UITests.xctest */;
			productType = "com.apple.product-type.bundle.ui-testing";
		};
/* End PBXNativeTarget section */

/* Begin PBXProject section */
		D013A36C25302E23001862DF /* Project object */ = {
			isa = PBXProject;
			attributes = {
				LastSwiftUpdateCheck = 1200;
				LastUpgradeCheck = 1200;
				TargetAttributes = {
					D013A37325302E23001862DF = {
						CreatedOnToolsVersion = 12.0.1;
					};
					D013A38925302E26001862DF = {
						CreatedOnToolsVersion = 12.0.1;
						TestTargetID = D013A37325302E23001862DF;
					};
					D013A39425302E26001862DF = {
						CreatedOnToolsVersion = 12.0.1;
						TestTargetID = D013A37325302E23001862DF;
					};
				};
			};
			buildConfigurationList = D013A36F25302E23001862DF /* Build configuration list for PBXProject "VK_Client2" */;
			compatibilityVersion = "Xcode 9.3";
			developmentRegion = en;
			hasScannedForEncodings = 0;
			knownRegions = (
				en,
				Base,
			);
			mainGroup = D013A36B25302E23001862DF;
			productRefGroup = D013A37525302E23001862DF /* Products */;
			projectDirPath = "";
			projectRoot = "";
			targets = (
				D013A37325302E23001862DF /* VK_Client2 */,
				D013A38925302E26001862DF /* VK_Client2Tests */,
				D013A39425302E26001862DF /* VK_Client2UITests */,
			);
		};
/* End PBXProject section */

/* Begin PBXResourcesBuildPhase section */
		D013A37225302E23001862DF /* Resources */ = {
			isa = PBXResourcesBuildPhase;
			buildActionMask = 2147483647;
			files = (
				D013A38425302E25001862DF /* LaunchScreen.storyboard in Resources */,
				D013A38125302E25001862DF /* Assets.xcassets in Resources */,
				D013A37F25302E23001862DF /* Main.storyboard in Resources */,
			);
			runOnlyForDeploymentPostprocessing = 0;
		};
		D013A38825302E26001862DF /* Resources */ = {
			isa = PBXResourcesBuildPhase;
			buildActionMask = 2147483647;
			files = (
			);
			runOnlyForDeploymentPostprocessing = 0;
		};
		D013A39325302E26001862DF /* Resources */ = {
			isa = PBXResourcesBuildPhase;
			buildActionMask = 2147483647;
			files = (
			);
			runOnlyForDeploymentPostprocessing = 0;
		};
/* End PBXResourcesBuildPhase section */

/* Begin PBXSourcesBuildPhase section */
		D013A37025302E23001862DF /* Sources */ = {
			isa = PBXSourcesBuildPhase;
			buildActionMask = 2147483647;
			files = (
				D0931712253DBE5E004B678F /* Group.swift in Sources */,
				D0931720253DC326004B678F /* UserGroupCell.swift in Sources */,
				D09316F8253D8504004B678F /* FriendCollectionViewCell.swift in Sources */,
				D06534B325406CB5005CB3D6 /* AvatarViewController.swift in Sources */,
				D06534BC25417175005CB3D6 /* Like.swift in Sources */,
				D013A37C25302E23001862DF /* LoginViewController.swift in Sources */,
				D09316E4253D7948004B678F /* UserAcc.swift in Sources */,
				D09316DC253D7399004B678F /* FriendsCell.swift in Sources */,
				D09316D7253D7363004B678F /* FriendsController.swift in Sources */,
				D093170D253DBCF8004B678F /* AllGroups.swift in Sources */,
				D013A37825302E23001862DF /* AppDelegate.swift in Sources */,
				D013A37A25302E23001862DF /* SceneDelegate.swift in Sources */,
				D0931705253DBCC5004B678F /* UserGroups.swift in Sources */,
				D09316ED253D79DA004B678F /* FriendCollectionViewController.swift in Sources */,
				D06534C42541A726005CB3D6 /* alphabet.swift in Sources */,
				D06534A825402A06005CB3D6 /* HeartDrawning.swift in Sources */,
				D06534AE254065DF005CB3D6 /* AvatarView.swift in Sources */,
				D093171B253DC310004B678F /* AllGroupsCell.swift in Sources */,
			);
			runOnlyForDeploymentPostprocessing = 0;
		};
		D013A38625302E26001862DF /* Sources */ = {
			isa = PBXSourcesBuildPhase;
			buildActionMask = 2147483647;
			files = (
				D013A38F25302E26001862DF /* VK_Client2Tests.swift in Sources */,
			);
			runOnlyForDeploymentPostprocessing = 0;
		};
		D013A39125302E26001862DF /* Sources */ = {
			isa = PBXSourcesBuildPhase;
			buildActionMask = 2147483647;
			files = (
				D013A39A25302E26001862DF /* VK_Client2UITests.swift in Sources */,
			);
			runOnlyForDeploymentPostprocessing = 0;
		};
/* End PBXSourcesBuildPhase section */

/* Begin PBXTargetDependency section */
		D013A38C25302E26001862DF /* PBXTargetDependency */ = {
			isa = PBXTargetDependency;
			target = D013A37325302E23001862DF /* VK_Client2 */;
			targetProxy = D013A38B25302E26001862DF /* PBXContainerItemProxy */;
		};
		D013A39725302E26001862DF /* PBXTargetDependency */ = {
			isa = PBXTargetDependency;
			target = D013A37325302E23001862DF /* VK_Client2 */;
			targetProxy = D013A39625302E26001862DF /* PBXContainerItemProxy */;
		};
/* End PBXTargetDependency section */

/* Begin PBXVariantGroup section */
		D013A37D25302E23001862DF /* Main.storyboard */ = {
			isa = PBXVariantGroup;
			children = (
				D013A37E25302E23001862DF /* Base */,
			);
			name = Main.storyboard;
			sourceTree = "<group>";
		};
		D013A38225302E25001862DF /* LaunchScreen.storyboard */ = {
			isa = PBXVariantGroup;
			children = (
				D013A38325302E25001862DF /* Base */,
			);
			name = LaunchScreen.storyboard;
			sourceTree = "<group>";
		};
/* End PBXVariantGroup section */

/* Begin XCBuildConfiguration section */
		D013A39C25302E26001862DF /* Debug */ = {
			isa = XCBuildConfiguration;
			buildSettings = {
				ALWAYS_SEARCH_USER_PATHS = NO;
				CLANG_ANALYZER_NONNULL = YES;
				CLANG_ANALYZER_NUMBER_OBJECT_CONVERSION = YES_AGGRESSIVE;
				CLANG_CXX_LANGUAGE_STANDARD = "gnu++14";
				CLANG_CXX_LIBRARY = "libc++";
				CLANG_ENABLE_MODULES = YES;
				CLANG_ENABLE_OBJC_ARC = YES;
				CLANG_ENABLE_OBJC_WEAK = YES;
				CLANG_WARN_BLOCK_CAPTURE_AUTORELEASING = YES;
				CLANG_WARN_BOOL_CONVERSION = YES;
				CLANG_WARN_COMMA = YES;
				CLANG_WARN_CONSTANT_CONVERSION = YES;
				CLANG_WARN_DEPRECATED_OBJC_IMPLEMENTATIONS = YES;
				CLANG_WARN_DIRECT_OBJC_ISA_USAGE = YES_ERROR;
				CLANG_WARN_DOCUMENTATION_COMMENTS = YES;
				CLANG_WARN_EMPTY_BODY = YES;
				CLANG_WARN_ENUM_CONVERSION = YES;
				CLANG_WARN_INFINITE_RECURSION = YES;
				CLANG_WARN_INT_CONVERSION = YES;
				CLANG_WARN_NON_LITERAL_NULL_CONVERSION = YES;
				CLANG_WARN_OBJC_IMPLICIT_RETAIN_SELF = YES;
				CLANG_WARN_OBJC_LITERAL_CONVERSION = YES;
				CLANG_WARN_OBJC_ROOT_CLASS = YES_ERROR;
				CLANG_WARN_QUOTED_INCLUDE_IN_FRAMEWORK_HEADER = YES;
				CLANG_WARN_RANGE_LOOP_ANALYSIS = YES;
				CLANG_WARN_STRICT_PROTOTYPES = YES;
				CLANG_WARN_SUSPICIOUS_MOVE = YES;
				CLANG_WARN_UNGUARDED_AVAILABILITY = YES_AGGRESSIVE;
				CLANG_WARN_UNREACHABLE_CODE = YES;
				CLANG_WARN__DUPLICATE_METHOD_MATCH = YES;
				COPY_PHASE_STRIP = NO;
				DEBUG_INFORMATION_FORMAT = dwarf;
				ENABLE_STRICT_OBJC_MSGSEND = YES;
				ENABLE_TESTABILITY = YES;
				GCC_C_LANGUAGE_STANDARD = gnu11;
				GCC_DYNAMIC_NO_PIC = NO;
				GCC_NO_COMMON_BLOCKS = YES;
				GCC_OPTIMIZATION_LEVEL = 0;
				GCC_PREPROCESSOR_DEFINITIONS = (
					"DEBUG=1",
					"$(inherited)",
				);
				GCC_WARN_64_TO_32_BIT_CONVERSION = YES;
				GCC_WARN_ABOUT_RETURN_TYPE = YES_ERROR;
				GCC_WARN_UNDECLARED_SELECTOR = YES;
				GCC_WARN_UNINITIALIZED_AUTOS = YES_AGGRESSIVE;
				GCC_WARN_UNUSED_FUNCTION = YES;
				GCC_WARN_UNUSED_VARIABLE = YES;
				IPHONEOS_DEPLOYMENT_TARGET = 14.0;
				MTL_ENABLE_DEBUG_INFO = INCLUDE_SOURCE;
				MTL_FAST_MATH = YES;
				ONLY_ACTIVE_ARCH = YES;
				SDKROOT = iphoneos;
				SWIFT_ACTIVE_COMPILATION_CONDITIONS = DEBUG;
				SWIFT_OPTIMIZATION_LEVEL = "-Onone";
			};
			name = Debug;
		};
		D013A39D25302E26001862DF /* Release */ = {
			isa = XCBuildConfiguration;
			buildSettings = {
				ALWAYS_SEARCH_USER_PATHS = NO;
				CLANG_ANALYZER_NONNULL = YES;
				CLANG_ANALYZER_NUMBER_OBJECT_CONVERSION = YES_AGGRESSIVE;
				CLANG_CXX_LANGUAGE_STANDARD = "gnu++14";
				CLANG_CXX_LIBRARY = "libc++";
				CLANG_ENABLE_MODULES = YES;
				CLANG_ENABLE_OBJC_ARC = YES;
				CLANG_ENABLE_OBJC_WEAK = YES;
				CLANG_WARN_BLOCK_CAPTURE_AUTORELEASING = YES;
				CLANG_WARN_BOOL_CONVERSION = YES;
				CLANG_WARN_COMMA = YES;
				CLANG_WARN_CONSTANT_CONVERSION = YES;
				CLANG_WARN_DEPRECATED_OBJC_IMPLEMENTATIONS = YES;
				CLANG_WARN_DIRECT_OBJC_ISA_USAGE = YES_ERROR;
				CLANG_WARN_DOCUMENTATION_COMMENTS = YES;
				CLANG_WARN_EMPTY_BODY = YES;
				CLANG_WARN_ENUM_CONVERSION = YES;
				CLANG_WARN_INFINITE_RECURSION = YES;
				CLANG_WARN_INT_CONVERSION = YES;
				CLANG_WARN_NON_LITERAL_NULL_CONVERSION = YES;
				CLANG_WARN_OBJC_IMPLICIT_RETAIN_SELF = YES;
				CLANG_WARN_OBJC_LITERAL_CONVERSION = YES;
				CLANG_WARN_OBJC_ROOT_CLASS = YES_ERROR;
				CLANG_WARN_QUOTED_INCLUDE_IN_FRAMEWORK_HEADER = YES;
				CLANG_WARN_RANGE_LOOP_ANALYSIS = YES;
				CLANG_WARN_STRICT_PROTOTYPES = YES;
				CLANG_WARN_SUSPICIOUS_MOVE = YES;
				CLANG_WARN_UNGUARDED_AVAILABILITY = YES_AGGRESSIVE;
				CLANG_WARN_UNREACHABLE_CODE = YES;
				CLANG_WARN__DUPLICATE_METHOD_MATCH = YES;
				COPY_PHASE_STRIP = NO;
				DEBUG_INFORMATION_FORMAT = "dwarf-with-dsym";
				ENABLE_NS_ASSERTIONS = NO;
				ENABLE_STRICT_OBJC_MSGSEND = YES;
				GCC_C_LANGUAGE_STANDARD = gnu11;
				GCC_NO_COMMON_BLOCKS = YES;
				GCC_WARN_64_TO_32_BIT_CONVERSION = YES;
				GCC_WARN_ABOUT_RETURN_TYPE = YES_ERROR;
				GCC_WARN_UNDECLARED_SELECTOR = YES;
				GCC_WARN_UNINITIALIZED_AUTOS = YES_AGGRESSIVE;
				GCC_WARN_UNUSED_FUNCTION = YES;
				GCC_WARN_UNUSED_VARIABLE = YES;
				IPHONEOS_DEPLOYMENT_TARGET = 14.0;
				MTL_ENABLE_DEBUG_INFO = NO;
				MTL_FAST_MATH = YES;
				SDKROOT = iphoneos;
				SWIFT_COMPILATION_MODE = wholemodule;
				SWIFT_OPTIMIZATION_LEVEL = "-O";
				VALIDATE_PRODUCT = YES;
			};
			name = Release;
		};
		D013A39F25302E26001862DF /* Debug */ = {
			isa = XCBuildConfiguration;
			buildSettings = {
				ASSETCATALOG_COMPILER_APPICON_NAME = AppIcon;
				ASSETCATALOG_COMPILER_GLOBAL_ACCENT_COLOR_NAME = AccentColor;
				CODE_SIGN_STYLE = Automatic;
				INFOPLIST_FILE = VK_Client2/Info.plist;
				LD_RUNPATH_SEARCH_PATHS = (
					"$(inherited)",
					"@executable_path/Frameworks",
				);
				PRODUCT_BUNDLE_IDENTIFIER = "-.VK-Client2";
				PRODUCT_NAME = "$(TARGET_NAME)";
				SWIFT_VERSION = 5.0;
				TARGETED_DEVICE_FAMILY = "1,2";
			};
			name = Debug;
		};
		D013A3A025302E26001862DF /* Release */ = {
			isa = XCBuildConfiguration;
			buildSettings = {
				ASSETCATALOG_COMPILER_APPICON_NAME = AppIcon;
				ASSETCATALOG_COMPILER_GLOBAL_ACCENT_COLOR_NAME = AccentColor;
				CODE_SIGN_STYLE = Automatic;
				INFOPLIST_FILE = VK_Client2/Info.plist;
				LD_RUNPATH_SEARCH_PATHS = (
					"$(inherited)",
					"@executable_path/Frameworks",
				);
				PRODUCT_BUNDLE_IDENTIFIER = "-.VK-Client2";
				PRODUCT_NAME = "$(TARGET_NAME)";
				SWIFT_VERSION = 5.0;
				TARGETED_DEVICE_FAMILY = "1,2";
			};
			name = Release;
		};
		D013A3A225302E26001862DF /* Debug */ = {
			isa = XCBuildConfiguration;
			buildSettings = {
				ALWAYS_EMBED_SWIFT_STANDARD_LIBRARIES = YES;
				BUNDLE_LOADER = "$(TEST_HOST)";
				CODE_SIGN_STYLE = Automatic;
				INFOPLIST_FILE = VK_Client2Tests/Info.plist;
				IPHONEOS_DEPLOYMENT_TARGET = 14.0;
				LD_RUNPATH_SEARCH_PATHS = (
					"$(inherited)",
					"@executable_path/Frameworks",
					"@loader_path/Frameworks",
				);
				PRODUCT_BUNDLE_IDENTIFIER = "-.VK-Client2Tests";
				PRODUCT_NAME = "$(TARGET_NAME)";
				SWIFT_VERSION = 5.0;
				TARGETED_DEVICE_FAMILY = "1,2";
				TEST_HOST = "$(BUILT_PRODUCTS_DIR)/VK_Client2.app/VK_Client2";
			};
			name = Debug;
		};
		D013A3A325302E26001862DF /* Release */ = {
			isa = XCBuildConfiguration;
			buildSettings = {
				ALWAYS_EMBED_SWIFT_STANDARD_LIBRARIES = YES;
				BUNDLE_LOADER = "$(TEST_HOST)";
				CODE_SIGN_STYLE = Automatic;
				INFOPLIST_FILE = VK_Client2Tests/Info.plist;
				IPHONEOS_DEPLOYMENT_TARGET = 14.0;
				LD_RUNPATH_SEARCH_PATHS = (
					"$(inherited)",
					"@executable_path/Frameworks",
					"@loader_path/Frameworks",
				);
				PRODUCT_BUNDLE_IDENTIFIER = "-.VK-Client2Tests";
				PRODUCT_NAME = "$(TARGET_NAME)";
				SWIFT_VERSION = 5.0;
				TARGETED_DEVICE_FAMILY = "1,2";
				TEST_HOST = "$(BUILT_PRODUCTS_DIR)/VK_Client2.app/VK_Client2";
			};
			name = Release;
		};
		D013A3A525302E26001862DF /* Debug */ = {
			isa = XCBuildConfiguration;
			buildSettings = {
				ALWAYS_EMBED_SWIFT_STANDARD_LIBRARIES = YES;
				CODE_SIGN_STYLE = Automatic;
				INFOPLIST_FILE = VK_Client2UITests/Info.plist;
				LD_RUNPATH_SEARCH_PATHS = (
					"$(inherited)",
					"@executable_path/Frameworks",
					"@loader_path/Frameworks",
				);
				PRODUCT_BUNDLE_IDENTIFIER = "-.VK-Client2UITests";
				PRODUCT_NAME = "$(TARGET_NAME)";
				SWIFT_VERSION = 5.0;
				TARGETED_DEVICE_FAMILY = "1,2";
				TEST_TARGET_NAME = VK_Client2;
			};
			name = Debug;
		};
		D013A3A625302E26001862DF /* Release */ = {
			isa = XCBuildConfiguration;
			buildSettings = {
				ALWAYS_EMBED_SWIFT_STANDARD_LIBRARIES = YES;
				CODE_SIGN_STYLE = Automatic;
				INFOPLIST_FILE = VK_Client2UITests/Info.plist;
				LD_RUNPATH_SEARCH_PATHS = (
					"$(inherited)",
					"@executable_path/Frameworks",
					"@loader_path/Frameworks",
				);
				PRODUCT_BUNDLE_IDENTIFIER = "-.VK-Client2UITests";
				PRODUCT_NAME = "$(TARGET_NAME)";
				SWIFT_VERSION = 5.0;
				TARGETED_DEVICE_FAMILY = "1,2";
				TEST_TARGET_NAME = VK_Client2;
			};
			name = Release;
		};
/* End XCBuildConfiguration section */

/* Begin XCConfigurationList section */
		D013A36F25302E23001862DF /* Build configuration list for PBXProject "VK_Client2" */ = {
			isa = XCConfigurationList;
			buildConfigurations = (
				D013A39C25302E26001862DF /* Debug */,
				D013A39D25302E26001862DF /* Release */,
			);
			defaultConfigurationIsVisible = 0;
			defaultConfigurationName = Release;
		};
		D013A39E25302E26001862DF /* Build configuration list for PBXNativeTarget "VK_Client2" */ = {
			isa = XCConfigurationList;
			buildConfigurations = (
				D013A39F25302E26001862DF /* Debug */,
				D013A3A025302E26001862DF /* Release */,
			);
			defaultConfigurationIsVisible = 0;
			defaultConfigurationName = Release;
		};
		D013A3A125302E26001862DF /* Build configuration list for PBXNativeTarget "VK_Client2Tests" */ = {
			isa = XCConfigurationList;
			buildConfigurations = (
				D013A3A225302E26001862DF /* Debug */,
				D013A3A325302E26001862DF /* Release */,
			);
			defaultConfigurationIsVisible = 0;
			defaultConfigurationName = Release;
		};
		D013A3A425302E26001862DF /* Build configuration list for PBXNativeTarget "VK_Client2UITests" */ = {
			isa = XCConfigurationList;
			buildConfigurations = (
				D013A3A525302E26001862DF /* Debug */,
				D013A3A625302E26001862DF /* Release */,
			);
			defaultConfigurationIsVisible = 0;
			defaultConfigurationName = Release;
		};
/* End XCConfigurationList section */
	};
	rootObject = D013A36C25302E23001862DF /* Project object */;
}
